
Microsoft Visual Studio Solution File, Format Version 12.00
# Visual Studio Version 17
VisualStudioVersion = 17.9.34714.143
MinimumVisualStudioVersion = 10.0.40219.1
Project("{9A19103F-16F7-4668-BE54-9A1E7A4F7556}") = "WebAPI", "WebAPI\WebAPI.csproj", "{50548910-CA7D-477B-8E09-470F15FC9BFD}"
EndProject
Project("{2150E333-8FDC-42A3-9474-1A3956D46DE8}") = "00 - Client", "00 - Client", "{4C6B64DF-3617-472D-9D41-951CE7B0C504}"
EndProject
Project("{2150E333-8FDC-42A3-9474-1A3956D46DE8}") = "01 - PresentationLayer", "01 - PresentationLayer", "{2F8A890E-7E90-4D4C-A6BE-70AC7BF24F3D}"
EndProject
Project("{FAE04EC0-301F-11D3-BF4B-00C04F79EFBC}") = "BlazorApp", "BlazorApp\BlazorApp.csproj", "{CC3ED336-954D-4B02-95C4-88EBEC8D7D1C}"
EndProject
Global
	GlobalSection(SolutionConfigurationPlatforms) = preSolution
		Debug|Any CPU = Debug|Any CPU
		Release|Any CPU = Release|Any CPU
	EndGlobalSection
	GlobalSection(ProjectConfigurationPlatforms) = postSolution
		{50548910-CA7D-477B-8E09-470F15FC9BFD}.Debug|Any CPU.ActiveCfg = Debug|Any CPU
		{50548910-CA7D-477B-8E09-470F15FC9BFD}.Debug|Any CPU.Build.0 = Debug|Any CPU
		{50548910-CA7D-477B-8E09-470F15FC9BFD}.Release|Any CPU.ActiveCfg = Release|Any CPU
		{50548910-CA7D-477B-8E09-470F15FC9BFD}.Release|Any CPU.Build.0 = Release|Any CPU
		{CC3ED336-954D-4B02-95C4-88EBEC8D7D1C}.Debug|Any CPU.ActiveCfg = Debug|Any CPU
		{CC3ED336-954D-4B02-95C4-88EBEC8D7D1C}.Debug|Any CPU.Build.0 = Debug|Any CPU
		{CC3ED336-954D-4B02-95C4-88EBEC8D7D1C}.Release|Any CPU.ActiveCfg = Release|Any CPU
		{CC3ED336-954D-4B02-95C4-88EBEC8D7D1C}.Release|Any CPU.Build.0 = Release|Any CPU
	EndGlobalSection
	GlobalSection(SolutionProperties) = preSolution
		HideSolutionNode = FALSE
	EndGlobalSection
	GlobalSection(NestedProjects) = preSolution
		{50548910-CA7D-477B-8E09-470F15FC9BFD} = {2F8A890E-7E90-4D4C-A6BE-70AC7BF24F3D}
		{CC3ED336-954D-4B02-95C4-88EBEC8D7D1C} = {4C6B64DF-3617-472D-9D41-951CE7B0C504}
	EndGlobalSection
	GlobalSection(ExtensibilityGlobals) = postSolution
		SolutionGuid = {95DE379B-C350-4CE4-8724-26E544514C59}
	EndGlobalSection
EndGlobal
